{
  "nodes": {
    "mdbook-ts": {
      "inputs": {
        "nixpkgs": "nixpkgs"
      },
      "locked": {
        "lastModified": 1776459435,
        "narHash": "sha256-CSzNERvCXdlE24Re98EspbHhgLNDqaOppV5WKyOQ68I=",
        "owner": "LoricAndre",
        "repo": "mdbook-treesitter",
        "rev": "fdff4a17a5e511a13975003c2483dbd4377a2cf7",
        "type": "github"
      },
      "original": {
        "owner": "LoricAndre",
        "repo": "mdbook-treesitter",
        "type": "github"
      }
    },
    "nixpkgs": {
      "locked": {
        "lastModified": 1776255774,
        "narHash": "sha256-bo9Hbl5yPjDRldsn1Stnbsmn/nPF0cVlowuLSGHduuA=",
        "rev": "566acc07c54dc807f91625bb286cb9b321b5f42a",
        "type": "tarball",
        "url": "https://releases.nixos.org/nixpkgs/nixpkgs-26.05pre980800.566acc07c54d/nixexprs.tar.xz?lastModified=1776255774&rev=566acc07c54dc807f91625bb286cb9b321b5f42a"
      },
      "original": {
        "type": "tarball",
        "url": "https://channels.nixos.org/nixpkgs-unstable/nixexprs.tar.xz"
      }
    },
    "nixpkgs_2": {
      "locked": {
        "lastModified": 1776255774,
        "narHash": "sha256-bo9Hbl5yPjDRldsn1Stnbsmn/nPF0cVlowuLSGHduuA=",
        "rev": "566acc07c54dc807f91625bb286cb9b321b5f42a",
        "type": "tarball",
        "url": "https://releases.nixos.org/nixpkgs/nixpkgs-26.05pre980800.566acc07c54d/nixexprs.tar.xz?lastModified=1776255774&rev=566acc07c54dc807f91625bb286cb9b321b5f42a"
      },
      "original": {
        "type": "tarball",
        "url": "https://channels.nixos.org/nixpkgs-unstable/nixexprs.tar.xz"
      }
    },
    "root": {
      "inputs": {
        "mdbook-ts": "mdbook-ts",
        "nixpkgs": "nixpkgs_2"
      }
    }
  },
  "root": "root",
  "version": 7
}
