{
  "nodes": {
    "nixpkgs": {
      "locked": {
        "lastModified": 1784115452,
        "narHash": "sha256-sV32iDQooUstJItsEiqRmWuhOuMcOR/vkMpHsT+87fI=",
        "rev": "35d3407a3816f3b341d8cf1d60abaf2b7b8166ac",
        "type": "tarball",
        "url": "https://releases.nixos.org/nixpkgs/nixpkgs-26.11pre1035098.35d3407a3816/nixexprs.tar.xz?lastModified=1784115452&rev=35d3407a3816f3b341d8cf1d60abaf2b7b8166ac"
      },
      "original": {
        "type": "tarball",
        "url": "https://channels.nixos.org/nixpkgs-unstable/nixexprs.tar.xz"
      }
    },
    "root": {
      "inputs": {
        "nixpkgs": "nixpkgs"
      }
    }
  },
  "root": "root",
  "version": 7
}
